
Microsoft Visual Studio Solution File, Format Version 12.00
# Visual Studio Version 17
VisualStudioVersion = 17.2.32630.192
MinimumVisualStudioVersion = 10.0.40219.1
Project("{FAE04EC0-301F-11D3-BF4B-00C04F79EFBC}") = "ConsoleApp", "ConsoleApp\ConsoleApp.csproj", "{9A5D6B28-EEE0-4D1C-81E3-72AE71309AEA}"
EndProject
Project("{FAE04EC0-301F-11D3-BF4B-00C04F79EFBC}") = "ClassLibraryAlpha", "ClassLibraryAlpha\ClassLibraryAlpha.csproj", "{D1285F5D-944F-4303-95EC-5C730ED4A2F6}"
EndProject
Project("{FAE04EC0-301F-11D3-BF4B-00C04F79EFBC}") = "ClassLibraryBeta", "ClassLibraryBeta\ClassLibraryBeta.csproj", "{875E5DAC-8171-4258-ACBC-FC13D5A943C4}"
EndProject
Global
	GlobalSection(SolutionConfigurationPlatforms) = preSolution
		Debug|Any CPU = Debug|Any CPU
		Release|Any CPU = Release|Any CPU
	EndGlobalSection
	GlobalSection(ProjectConfigurationPlatforms) = postSolution
		{9A5D6B28-EEE0-4D1C-81E3-72AE71309AEA}.Debug|Any CPU.ActiveCfg = Debug|Any CPU
		{9A5D6B28-EEE0-4D1C-81E3-72AE71309AEA}.Debug|Any CPU.Build.0 = Debug|Any CPU
		{9A5D6B28-EEE0-4D1C-81E3-72AE71309AEA}.Release|Any CPU.ActiveCfg = Release|Any CPU
		{9A5D6B28-EEE0-4D1C-81E3-72AE71309AEA}.Release|Any CPU.Build.0 = Release|Any CPU
		{D1285F5D-944F-4303-95EC-5C730ED4A2F6}.Debug|Any CPU.ActiveCfg = Debug|Any CPU
		{D1285F5D-944F-4303-95EC-5C730ED4A2F6}.Debug|Any CPU.Build.0 = Debug|Any CPU
		{D1285F5D-944F-4303-95EC-5C730ED4A2F6}.Release|Any CPU.ActiveCfg = Release|Any CPU
		{D1285F5D-944F-4303-95EC-5C730ED4A2F6}.Release|Any CPU.Build.0 = Release|Any CPU
		{875E5DAC-8171-4258-ACBC-FC13D5A943C4}.Debug|Any CPU.ActiveCfg = Debug|Any CPU
		{875E5DAC-8171-4258-ACBC-FC13D5A943C4}.Debug|Any CPU.Build.0 = Debug|Any CPU
		{875E5DAC-8171-4258-ACBC-FC13D5A943C4}.Release|Any CPU.ActiveCfg = Release|Any CPU
		{875E5DAC-8171-4258-ACBC-FC13D5A943C4}.Release|Any CPU.Build.0 = Release|Any CPU
	EndGlobalSection
	GlobalSection(SolutionProperties) = preSolution
		HideSolutionNode = FALSE
	EndGlobalSection
	GlobalSection(ExtensibilityGlobals) = postSolution
		SolutionGuid = {40D9AE78-8BDD-455A-A9A8-FA7B4857393B}
	EndGlobalSection
EndGlobal
